// !$*UTF8*$!
{
	archiveVersion = 1;
	classes = {
	};
	objectVersion = 50;
	objects = {

/* Begin PBXBuildFile section */
		FFEEAB5022647B3000B82A30 /* AppDelegate.swift in Sources */ = {isa = PBXBuildFile; fileRef = FFEEAB4F22647B3000B82A30 /* AppDelegate.swift */; };
		FFEEAB5722647B3300B82A30 /* Assets.xcassets in Resources */ = {isa = PBXBuildFile; fileRef = FFEEAB5622647B3300B82A30 /* Assets.xcassets */; };
		FFEEAB5A22647B3300B82A30 /* LaunchScreen.storyboard in Resources */ = {isa = PBXBuildFile; fileRef = FFEEAB5822647B3300B82A30 /* LaunchScreen.storyboard */; };
		FFEEAB6522647BAD00B82A30 /* HomeViewController.swift in Sources */ = {isa = PBXBuildFile; fileRef = FFEEAB6322647BAD00B82A30 /* HomeViewController.swift */; };
		FFEEAB6622647BAD00B82A30 /* HomeViewController.xib in Resources */ = {isa = PBXBuildFile; fileRef = FFEEAB6422647BAD00B82A30 /* HomeViewController.xib */; };
		FFEEAB6822647C0A00B82A30 /* HomeViewModel.swift in Sources */ = {isa = PBXBuildFile; fileRef = FFEEAB6722647C0A00B82A30 /* HomeViewModel.swift */; };
		FFEEAB6C22647C2700B82A30 /* HomeCell.swift in Sources */ = {isa = PBXBuildFile; fileRef = FFEEAB6A22647C2700B82A30 /* HomeCell.swift */; };
		FFEEAB6D22647C2700B82A30 /* HomeCell.xib in Resources */ = {isa = PBXBuildFile; fileRef = FFEEAB6B22647C2700B82A30 /* HomeCell.xib */; };
		FFEEAB6F22647C3800B82A30 /* HomeCellViewModel.swift in Sources */ = {isa = PBXBuildFile; fileRef = FFEEAB6E22647C3800B82A30 /* HomeCellViewModel.swift */; };
		FFEEAB7122647F9F00B82A30 /* DataManager.swift in Sources */ = {isa = PBXBuildFile; fileRef = FFEEAB7022647F9F00B82A30 /* DataManager.swift */; };
/* End PBXBuildFile section */

/* Begin PBXFileReference section */
		FFEEAB4C22647B3000B82A30 /* TreeView.app */ = {isa = PBXFileReference; explicitFileType = wrapper.application; includeInIndex = 0; path = TreeView.app; sourceTree = BUILT_PRODUCTS_DIR; };
		FFEEAB4F22647B3000B82A30 /* AppDelegate.swift */ = {isa = PBXFileReference; lastKnownFileType = sourcecode.swift; path = AppDelegate.swift; sourceTree = "<group>"; };
		FFEEAB5622647B3300B82A30 /* Assets.xcassets */ = {isa = PBXFileReference; lastKnownFileType = folder.assetcatalog; path = Assets.xcassets; sourceTree = "<group>"; };
		FFEEAB5922647B3300B82A30 /* Base */ = {isa = PBXFileReference; lastKnownFileType = file.storyboard; name = Base; path = Base.lproj/LaunchScreen.storyboard; sourceTree = "<group>"; };
		FFEEAB5B22647B3300B82A30 /* Info.plist */ = {isa = PBXFileReference; lastKnownFileType = text.plist.xml; path = Info.plist; sourceTree = "<group>"; };
		FFEEAB6322647BAD00B82A30 /* HomeViewController.swift */ = {isa = PBXFileReference; lastKnownFileType = sourcecode.swift; path = HomeViewController.swift; sourceTree = "<group>"; };
		FFEEAB6422647BAD00B82A30 /* HomeViewController.xib */ = {isa = PBXFileReference; lastKnownFileType = file.xib; path = HomeViewController.xib; sourceTree = "<group>"; };
		FFEEAB6722647C0A00B82A30 /* HomeViewModel.swift */ = {isa = PBXFileReference; lastKnownFileType = sourcecode.swift; path = HomeViewModel.swift; sourceTree = "<group>"; };
		FFEEAB6A22647C2700B82A30 /* HomeCell.swift */ = {isa = PBXFileReference; lastKnownFileType = sourcecode.swift; path = HomeCell.swift; sourceTree = "<group>"; };
		FFEEAB6B22647C2700B82A30 /* HomeCell.xib */ = {isa = PBXFileReference; lastKnownFileType = file.xib; path = HomeCell.xib; sourceTree = "<group>"; };
		FFEEAB6E22647C3800B82A30 /* HomeCellViewModel.swift */ = {isa = PBXFileReference; lastKnownFileType = sourcecode.swift; path = HomeCellViewModel.swift; sourceTree = "<group>"; };
		FFEEAB7022647F9F00B82A30 /* DataManager.swift */ = {isa = PBXFileReference; lastKnownFileType = sourcecode.swift; path = DataManager.swift; sourceTree = "<group>"; };
/* End PBXFileReference section */

/* Begin PBXFrameworksBuildPhase section */
		FFEEAB4922647B3000B82A30 /* Frameworks */ = {
			isa = PBXFrameworksBuildPhase;
			buildActionMask = 2147483647;
			files = (
			);
			runOnlyForDeploymentPostprocessing = 0;
		};
/* End PBXFrameworksBuildPhase section */

/* Begin PBXGroup section */
		FFEEAB4322647B2F00B82A30 = {
			isa = PBXGroup;
			children = (
				FFEEAB4E22647B3000B82A30 /* TreeView */,
				FFEEAB4D22647B3000B82A30 /* Products */,
			);
			sourceTree = "<group>";
		};
		FFEEAB4D22647B3000B82A30 /* Products */ = {
			isa = PBXGroup;
			children = (
				FFEEAB4C22647B3000B82A30 /* TreeView.app */,
			);
			name = Products;
			sourceTree = "<group>";
		};
		FFEEAB4E22647B3000B82A30 /* TreeView */ = {
			isa = PBXGroup;
			children = (
				FFEEAB6222647B9100B82A30 /* Model */,
				FFEEAB6122647B8000B82A30 /* View */,
				FFEEAB4F22647B3000B82A30 /* AppDelegate.swift */,
				FFEEAB5622647B3300B82A30 /* Assets.xcassets */,
				FFEEAB5822647B3300B82A30 /* LaunchScreen.storyboard */,
				FFEEAB5B22647B3300B82A30 /* Info.plist */,
			);
			path = TreeView;
			sourceTree = "<group>";
		};
		FFEEAB6122647B8000B82A30 /* View */ = {
			isa = PBXGroup;
			children = (
				FFEEAB6922647C0F00B82A30 /* Cell */,
				FFEEAB6322647BAD00B82A30 /* HomeViewController.swift */,
				FFEEAB6422647BAD00B82A30 /* HomeViewController.xib */,
				FFEEAB6722647C0A00B82A30 /* HomeViewModel.swift */,
			);
			path = View;
			sourceTree = "<group>";
		};
		FFEEAB6222647B9100B82A30 /* Model */ = {
			isa = PBXGroup;
			children = (
				FFEEAB7022647F9F00B82A30 /* DataManager.swift */,
			);
			path = Model;
			sourceTree = "<group>";
		};
		FFEEAB6922647C0F00B82A30 /* Cell */ = {
			isa = PBXGroup;
			children = (
				FFEEAB6A22647C2700B82A30 /* HomeCell.swift */,
				FFEEAB6B22647C2700B82A30 /* HomeCell.xib */,
				FFEEAB6E22647C3800B82A30 /* HomeCellViewModel.swift */,
			);
			path = Cell;
			sourceTree = "<group>";
		};
/* End PBXGroup section */

/* Begin PBXNativeTarget section */
		FFEEAB4B22647B3000B82A30 /* TreeView */ = {
			isa = PBXNativeTarget;
			buildConfigurationList = FFEEAB5E22647B3300B82A30 /* Build configuration list for PBXNativeTarget "TreeView" */;
			buildPhases = (
				FFEEAB4822647B3000B82A30 /* Sources */,
				FFEEAB4922647B3000B82A30 /* Frameworks */,
				FFEEAB4A22647B3000B82A30 /* Resources */,
			);
			buildRules = (
			);
			dependencies = (
			);
			name = TreeView;
			productName = TreeView;
			productReference = FFEEAB4C22647B3000B82A30 /* TreeView.app */;
			productType = "com.apple.product-type.application";
		};
/* End PBXNativeTarget section */

/* Begin PBXProject section */
		FFEEAB4422647B2F00B82A30 /* Project object */ = {
			isa = PBXProject;
			attributes = {
				LastSwiftUpdateCheck = 1000;
				LastUpgradeCheck = 1000;
				ORGANIZATIONNAME = MBA0023;
				TargetAttributes = {
					FFEEAB4B22647B3000B82A30 = {
						CreatedOnToolsVersion = 10.0;
					};
				};
			};
			buildConfigurationList = FFEEAB4722647B2F00B82A30 /* Build configuration list for PBXProject "TreeView" */;
			compatibilityVersion = "Xcode 9.3";
			developmentRegion = en;
			hasScannedForEncodings = 0;
			knownRegions = (
				en,
				Base,
			);
			mainGroup = FFEEAB4322647B2F00B82A30;
			productRefGroup = FFEEAB4D22647B3000B82A30 /* Products */;
			projectDirPath = "";
			projectRoot = "";
			targets = (
				FFEEAB4B22647B3000B82A30 /* TreeView */,
			);
		};
/* End PBXProject section */

/* Begin PBXResourcesBuildPhase section */
		FFEEAB4A22647B3000B82A30 /* Resources */ = {
			isa = PBXResourcesBuildPhase;
			buildActionMask = 2147483647;
			files = (
				FFEEAB5A22647B3300B82A30 /* LaunchScreen.storyboard in Resources */,
				FFEEAB5722647B3300B82A30 /* Assets.xcassets in Resources */,
				FFEEAB6D22647C2700B82A30 /* HomeCell.xib in Resources */,
				FFEEAB6622647BAD00B82A30 /* HomeViewController.xib in Resources */,
			);
			runOnlyForDeploymentPostprocessing = 0;
		};
/* End PBXResourcesBuildPhase section */

/* Begin PBXSourcesBuildPhase section */
		FFEEAB4822647B3000B82A30 /* Sources */ = {
			isa = PBXSourcesBuildPhase;
			buildActionMask = 2147483647;
			files = (
				FFEEAB5022647B3000B82A30 /* AppDelegate.swift in Sources */,
				FFEEAB6522647BAD00B82A30 /* HomeViewController.swift in Sources */,
				FFEEAB7122647F9F00B82A30 /* DataManager.swift in Sources */,
				FFEEAB6F22647C3800B82A30 /* HomeCellViewModel.swift in Sources */,
				FFEEAB6822647C0A00B82A30 /* HomeViewModel.swift in Sources */,
				FFEEAB6C22647C2700B82A30 /* HomeCell.swift in Sources */,
			);
			runOnlyForDeploymentPostprocessing = 0;
		};
/* End PBXSourcesBuildPhase section */

/* Begin PBXVariantGroup section */
		FFEEAB5822647B3300B82A30 /* LaunchScreen.storyboard */ = {
			isa = PBXVariantGroup;
			children = (
				FFEEAB5922647B3300B82A30 /* Base */,
			);
			name = LaunchScreen.storyboard;
			sourceTree = "<group>";
		};
/* End PBXVariantGroup section */

/* Begin XCBuildConfiguration section */
		FFEEAB5C22647B3300B82A30 /* Debug */ = {
			isa = XCBuildConfiguration;
			buildSettings = {
				ALWAYS_SEARCH_USER_PATHS = NO;
				CLANG_ANALYZER_NONNULL = YES;
				CLANG_ANALYZER_NUMBER_OBJECT_CONVERSION = YES_AGGRESSIVE;
				CLANG_CXX_LANGUAGE_STANDARD = "gnu++14";
				CLANG_CXX_LIBRARY = "libc++";
				CLANG_ENABLE_MODULES = YES;
				CLANG_ENABLE_OBJC_ARC = YES;
				CLANG_ENABLE_OBJC_WEAK = YES;
				CLANG_WARN_BLOCK_CAPTURE_AUTORELEASING = YES;
				CLANG_WARN_BOOL_CONVERSION = YES;
				CLANG_WARN_COMMA = YES;
				CLANG_WARN_CONSTANT_CONVERSION = YES;
				CLANG_WARN_DEPRECATED_OBJC_IMPLEMENTATIONS = YES;
				CLANG_WARN_DIRECT_OBJC_ISA_USAGE = YES_ERROR;
				CLANG_WARN_DOCUMENTATION_COMMENTS = YES;
				CLANG_WARN_EMPTY_BODY = YES;
				CLANG_WARN_ENUM_CONVERSION = YES;
				CLANG_WARN_INFINITE_RECURSION = YES;
				CLANG_WARN_INT_CONVERSION = YES;
				CLANG_WARN_NON_LITERAL_NULL_CONVERSION = YES;
				CLANG_WARN_OBJC_IMPLICIT_RETAIN_SELF = YES;
				CLANG_WARN_OBJC_LITERAL_CONVERSION = YES;
				CLANG_WARN_OBJC_ROOT_CLASS = YES_ERROR;
				CLANG_WARN_RANGE_LOOP_ANALYSIS = YES;
				CLANG_WARN_STRICT_PROTOTYPES = YES;
				CLANG_WARN_SUSPICIOUS_MOVE = YES;
				CLANG_WARN_UNGUARDED_AVAILABILITY = YES_AGGRESSIVE;
				CLANG_WARN_UNREACHABLE_CODE = YES;
				CLANG_WARN__DUPLICATE_METHOD_MATCH = YES;
				CODE_SIGN_IDENTITY = "iPhone Developer";
				COPY_PHASE_STRIP = NO;
				DEBUG_INFORMATION_FORMAT = dwarf;
				ENABLE_STRICT_OBJC_MSGSEND = YES;
				ENABLE_TESTABILITY = YES;
				GCC_C_LANGUAGE_STANDARD = gnu11;
				GCC_DYNAMIC_NO_PIC = NO;
				GCC_NO_COMMON_BLOCKS = YES;
				GCC_OPTIMIZATION_LEVEL = 0;
				GCC_PREPROCESSOR_DEFINITIONS = (
					"DEBUG=1",
					"$(inherited)",
				);
				GCC_WARN_64_TO_32_BIT_CONVERSION = YES;
				GCC_WARN_ABOUT_RETURN_TYPE = YES_ERROR;
				GCC_WARN_UNDECLARED_SELECTOR = YES;
				GCC_WARN_UNINITIALIZED_AUTOS = YES_AGGRESSIVE;
				GCC_WARN_UNUSED_FUNCTION = YES;
				GCC_WARN_UNUSED_VARIABLE = YES;
				IPHONEOS_DEPLOYMENT_TARGET = 12.0;
				MTL_ENABLE_DEBUG_INFO = INCLUDE_SOURCE;
				MTL_FAST_MATH = YES;
				ONLY_ACTIVE_ARCH = YES;
				SDKROOT = iphoneos;
				SWIFT_ACTIVE_COMPILATION_CONDITIONS = DEBUG;
				SWIFT_OPTIMIZATION_LEVEL = "-Onone";
			};
			name = Debug;
		};
		FFEEAB5D22647B3300B82A30 /* Release */ = {
			isa = XCBuildConfiguration;
			buildSettings = {
				ALWAYS_SEARCH_USER_PATHS = NO;
				CLANG_ANALYZER_NONNULL = YES;
				CLANG_ANALYZER_NUMBER_OBJECT_CONVERSION = YES_AGGRESSIVE;
				CLANG_CXX_LANGUAGE_STANDARD = "gnu++14";
				CLANG_CXX_LIBRARY = "libc++";
				CLANG_ENABLE_MODULES = YES;
				CLANG_ENABLE_OBJC_ARC = YES;
				CLANG_ENABLE_OBJC_WEAK = YES;
				CLANG_WARN_BLOCK_CAPTURE_AUTORELEASING = YES;
				CLANG_WARN_BOOL_CONVERSION = YES;
				CLANG_WARN_COMMA = YES;
				CLANG_WARN_CONSTANT_CONVERSION = YES;
				CLANG_WARN_DEPRECATED_OBJC_IMPLEMENTATIONS = YES;
				CLANG_WARN_DIRECT_OBJC_ISA_USAGE = YES_ERROR;
				CLANG_WARN_DOCUMENTATION_COMMENTS = YES;
				CLANG_WARN_EMPTY_BODY = YES;
				CLANG_WARN_ENUM_CONVERSION = YES;
				CLANG_WARN_INFINITE_RECURSION = YES;
				CLANG_WARN_INT_CONVERSION = YES;
				CLANG_WARN_NON_LITERAL_NULL_CONVERSION = YES;
				CLANG_WARN_OBJC_IMPLICIT_RETAIN_SELF = YES;
				CLANG_WARN_OBJC_LITERAL_CONVERSION = YES;
				CLANG_WARN_OBJC_ROOT_CLASS = YES_ERROR;
				CLANG_WARN_RANGE_LOOP_ANALYSIS = YES;
				CLANG_WARN_STRICT_PROTOTYPES = YES;
				CLANG_WARN_SUSPICIOUS_MOVE = YES;
				CLANG_WARN_UNGUARDED_AVAILABILITY = YES_AGGRESSIVE;
				CLANG_WARN_UNREACHABLE_CODE = YES;
				CLANG_WARN__DUPLICATE_METHOD_MATCH = YES;
				CODE_SIGN_IDENTITY = "iPhone Developer";
				COPY_PHASE_STRIP = NO;
				DEBUG_INFORMATION_FORMAT = "dwarf-with-dsym";
				ENABLE_NS_ASSERTIONS = NO;
				ENABLE_STRICT_OBJC_MSGSEND = YES;
				GCC_C_LANGUAGE_STANDARD = gnu11;
				GCC_NO_COMMON_BLOCKS = YES;
				GCC_WARN_64_TO_32_BIT_CONVERSION = YES;
				GCC_WARN_ABOUT_RETURN_TYPE = YES_ERROR;
				GCC_WARN_UNDECLARED_SELECTOR = YES;
				GCC_WARN_UNINITIALIZED_AUTOS = YES_AGGRESSIVE;
				GCC_WARN_UNUSED_FUNCTION = YES;
				GCC_WARN_UNUSED_VARIABLE = YES;
				IPHONEOS_DEPLOYMENT_TARGET = 12.0;
				MTL_ENABLE_DEBUG_INFO = NO;
				MTL_FAST_MATH = YES;
				SDKROOT = iphoneos;
				SWIFT_COMPILATION_MODE = wholemodule;
				SWIFT_OPTIMIZATION_LEVEL = "-O";
				VALIDATE_PRODUCT = YES;
			};
			name = Release;
		};
		FFEEAB5F22647B3300B82A30 /* Debug */ = {
			isa = XCBuildConfiguration;
			buildSettings = {
				ASSETCATALOG_COMPILER_APPICON_NAME = AppIcon;
				CODE_SIGN_STYLE = Automatic;
				INFOPLIST_FILE = TreeView/Info.plist;
				LD_RUNPATH_SEARCH_PATHS = (
					"$(inherited)",
					"@executable_path/Frameworks",
				);
				PRODUCT_BUNDLE_IDENTIFIER = MBA0023.TreeView;
				PRODUCT_NAME = "$(TARGET_NAME)";
				SWIFT_VERSION = 4.2;
				TARGETED_DEVICE_FAMILY = "1,2";
			};
			name = Debug;
		};
		FFEEAB6022647B3300B82A30 /* Release */ = {
			isa = XCBuildConfiguration;
			buildSettings = {
				ASSETCATALOG_COMPILER_APPICON_NAME = AppIcon;
				CODE_SIGN_STYLE = Automatic;
				INFOPLIST_FILE = TreeView/Info.plist;
				LD_RUNPATH_SEARCH_PATHS = (
					"$(inherited)",
					"@executable_path/Frameworks",
				);
				PRODUCT_BUNDLE_IDENTIFIER = MBA0023.TreeView;
				PRODUCT_NAME = "$(TARGET_NAME)";
				SWIFT_VERSION = 4.2;
				TARGETED_DEVICE_FAMILY = "1,2";
			};
			name = Release;
		};
/* End XCBuildConfiguration section */

/* Begin XCConfigurationList section */
		FFEEAB4722647B2F00B82A30 /* Build configuration list for PBXProject "TreeView" */ = {
			isa = XCConfigurationList;
			buildConfigurations = (
				FFEEAB5C22647B3300B82A30 /* Debug */,
				FFEEAB5D22647B3300B82A30 /* Release */,
			);
			defaultConfigurationIsVisible = 0;
			defaultConfigurationName = Release;
		};
		FFEEAB5E22647B3300B82A30 /* Build configuration list for PBXNativeTarget "TreeView" */ = {
			isa = XCConfigurationList;
			buildConfigurations = (
				FFEEAB5F22647B3300B82A30 /* Debug */,
				FFEEAB6022647B3300B82A30 /* Release */,
			);
			defaultConfigurationIsVisible = 0;
			defaultConfigurationName = Release;
		};
/* End XCConfigurationList section */
	};
	rootObject = FFEEAB4422647B2F00B82A30 /* Project object */;
}
