// !$*UTF8*$!
{
	archiveVersion = 1;
	classes = {
	};
	objectVersion = 50;
	objects = {

/* Begin PBXBuildFile section */
		30760C13227018C300946405 /* FruitServicesTests.swift in Sources */ = {isa = PBXBuildFile; fileRef = 30760C11227018C300946405 /* FruitServicesTests.swift */; };
		30760C14227018C300946405 /* UserServicesTests.swift in Sources */ = {isa = PBXBuildFile; fileRef = 30760C12227018C300946405 /* UserServicesTests.swift */; };
		30A27A762269607000C058BA /* LoginPresenterTests.swift in Sources */ = {isa = PBXBuildFile; fileRef = 30A27A752269607000C058BA /* LoginPresenterTests.swift */; };
		30A27A7B2269616F00C058BA /* MockDefaultLoginRouter.swift in Sources */ = {isa = PBXBuildFile; fileRef = 30A27A7A2269616F00C058BA /* MockDefaultLoginRouter.swift */; };
		30A27A7D226961E000C058BA /* MockDefaultLoginInteractor.swift in Sources */ = {isa = PBXBuildFile; fileRef = 30A27A7C226961E000C058BA /* MockDefaultLoginInteractor.swift */; };
		30A27A83226989E000C058BA /* ListFruitInteractorTests.swift in Sources */ = {isa = PBXBuildFile; fileRef = 30A27A82226989E000C058BA /* ListFruitInteractorTests.swift */; };
		30A27A852269A84500C058BA /* FruitServicesStub.swift in Sources */ = {isa = PBXBuildFile; fileRef = 30A27A842269A84500C058BA /* FruitServicesStub.swift */; };
		30A27A872269AB0400C058BA /* MockHomePresenter.swift in Sources */ = {isa = PBXBuildFile; fileRef = 30A27A862269AB0400C058BA /* MockHomePresenter.swift */; };
		30DAF70422701A550062DA0F /* MockDefaultHomeRouter.swift in Sources */ = {isa = PBXBuildFile; fileRef = 30DAF70022701A550062DA0F /* MockDefaultHomeRouter.swift */; };
		30DAF70522701A550062DA0F /* MockHomeViewController.swift in Sources */ = {isa = PBXBuildFile; fileRef = 30DAF70122701A550062DA0F /* MockHomeViewController.swift */; };
		30DAF70622701A550062DA0F /* MockDefaultListFruitInteractor.swift in Sources */ = {isa = PBXBuildFile; fileRef = 30DAF70222701A550062DA0F /* MockDefaultListFruitInteractor.swift */; };
		30DAF70722701A550062DA0F /* HomePresenterTests.swift in Sources */ = {isa = PBXBuildFile; fileRef = 30DAF70322701A550062DA0F /* HomePresenterTests.swift */; };
		30F3C2EF227C3199009847B0 /* Tree.swift in Sources */ = {isa = PBXBuildFile; fileRef = 30F3C2E1227C3199009847B0 /* Tree.swift */; };
		30F3C2F0227C3199009847B0 /* TableCell.xib in Resources */ = {isa = PBXBuildFile; fileRef = 30F3C2E5227C3199009847B0 /* TableCell.xib */; };
		30F3C2F1227C3199009847B0 /* TableCell.swift in Sources */ = {isa = PBXBuildFile; fileRef = 30F3C2E6227C3199009847B0 /* TableCell.swift */; };
		30F3C2F2227C3199009847B0 /* TableCellViewModel.swift in Sources */ = {isa = PBXBuildFile; fileRef = 30F3C2E7227C3199009847B0 /* TableCellViewModel.swift */; };
		30F3C2F3227C3199009847B0 /* ExpandCollapsTableCell.swift in Sources */ = {isa = PBXBuildFile; fileRef = 30F3C2E9227C3199009847B0 /* ExpandCollapsTableCell.swift */; };
		30F3C2F4227C3199009847B0 /* ExpandCollapsTableCell.xib in Resources */ = {isa = PBXBuildFile; fileRef = 30F3C2EA227C3199009847B0 /* ExpandCollapsTableCell.xib */; };
		30F3C2F5227C3199009847B0 /* ExpandCollapsCellViewModel.swift in Sources */ = {isa = PBXBuildFile; fileRef = 30F3C2EB227C3199009847B0 /* ExpandCollapsCellViewModel.swift */; };
		30F3C2F6227C3199009847B0 /* TreeTableViewModel.swift in Sources */ = {isa = PBXBuildFile; fileRef = 30F3C2EC227C3199009847B0 /* TreeTableViewModel.swift */; };
		30F3C2F7227C3199009847B0 /* TreeTableViewController.xib in Resources */ = {isa = PBXBuildFile; fileRef = 30F3C2ED227C3199009847B0 /* TreeTableViewController.xib */; };
		30F3C2F8227C3199009847B0 /* TreeTableViewController.swift in Sources */ = {isa = PBXBuildFile; fileRef = 30F3C2EE227C3199009847B0 /* TreeTableViewController.swift */; };
		74E22BA7225453FB00D7FEBB /* AppDelegate.swift in Sources */ = {isa = PBXBuildFile; fileRef = 74E22BA6225453FB00D7FEBB /* AppDelegate.swift */; };
		74E22BAE225453FC00D7FEBB /* Assets.xcassets in Resources */ = {isa = PBXBuildFile; fileRef = 74E22BAD225453FC00D7FEBB /* Assets.xcassets */; };
		74E22BB1225453FC00D7FEBB /* LaunchScreen.storyboard in Resources */ = {isa = PBXBuildFile; fileRef = 74E22BAF225453FC00D7FEBB /* LaunchScreen.storyboard */; };
		74E22BC82254554700D7FEBB /* StringExt.swift in Sources */ = {isa = PBXBuildFile; fileRef = 74E22BC52254554700D7FEBB /* StringExt.swift */; };
		74E22BC92254554700D7FEBB /* UITextFieldExt.swift in Sources */ = {isa = PBXBuildFile; fileRef = 74E22BC72254554700D7FEBB /* UITextFieldExt.swift */; };
		74E22BCC2254557200D7FEBB /* Errors.swift in Sources */ = {isa = PBXBuildFile; fileRef = 74E22BCA2254557100D7FEBB /* Errors.swift */; };
		74E22BCD2254557200D7FEBB /* Completion.swift in Sources */ = {isa = PBXBuildFile; fileRef = 74E22BCB2254557100D7FEBB /* Completion.swift */; };
		74E22BD22254559200D7FEBB /* LoginRouter.swift in Sources */ = {isa = PBXBuildFile; fileRef = 74E22BCF2254559200D7FEBB /* LoginRouter.swift */; };
		74E22BD32254559200D7FEBB /* HomeRouter.swift in Sources */ = {isa = PBXBuildFile; fileRef = 74E22BD12254559200D7FEBB /* HomeRouter.swift */; };
		74E22BD6225455D600D7FEBB /* UserEntity.swift in Sources */ = {isa = PBXBuildFile; fileRef = 74E22BD4225455D600D7FEBB /* UserEntity.swift */; };
		74E22BD7225455D600D7FEBB /* FruitEntity.swift in Sources */ = {isa = PBXBuildFile; fileRef = 74E22BD5225455D600D7FEBB /* FruitEntity.swift */; };
		74E22BDA225455E900D7FEBB /* Fruit.swift in Sources */ = {isa = PBXBuildFile; fileRef = 74E22BD8225455E900D7FEBB /* Fruit.swift */; };
		74E22BDB225455E900D7FEBB /* User.swift in Sources */ = {isa = PBXBuildFile; fileRef = 74E22BD9225455E900D7FEBB /* User.swift */; };
		74E22BDE225455F900D7FEBB /* ListFruitInteractor.swift in Sources */ = {isa = PBXBuildFile; fileRef = 74E22BDC225455F900D7FEBB /* ListFruitInteractor.swift */; };
		74E22BDF225455F900D7FEBB /* LoginInteractor.swift in Sources */ = {isa = PBXBuildFile; fileRef = 74E22BDD225455F900D7FEBB /* LoginInteractor.swift */; };
		74E22BE42254560C00D7FEBB /* LoginPresenter.swift in Sources */ = {isa = PBXBuildFile; fileRef = 74E22BE12254560C00D7FEBB /* LoginPresenter.swift */; };
		74E22BE52254560C00D7FEBB /* HomePresenter.swift in Sources */ = {isa = PBXBuildFile; fileRef = 74E22BE32254560C00D7FEBB /* HomePresenter.swift */; };
		74E22BEF2254561E00D7FEBB /* HomeViewController.xib in Resources */ = {isa = PBXBuildFile; fileRef = 74E22BE72254561E00D7FEBB /* HomeViewController.xib */; };
		74E22BF02254561E00D7FEBB /* HomeViewController.swift in Sources */ = {isa = PBXBuildFile; fileRef = 74E22BE82254561E00D7FEBB /* HomeViewController.swift */; };
		74E22BF12254561E00D7FEBB /* HomeCell.swift in Sources */ = {isa = PBXBuildFile; fileRef = 74E22BEA2254561E00D7FEBB /* HomeCell.swift */; };
		74E22BF22254561E00D7FEBB /* HomeCell.xib in Resources */ = {isa = PBXBuildFile; fileRef = 74E22BEB2254561E00D7FEBB /* HomeCell.xib */; };
		74E22BF32254561E00D7FEBB /* LoginViewController.xib in Resources */ = {isa = PBXBuildFile; fileRef = 74E22BED2254561E00D7FEBB /* LoginViewController.xib */; };
		74E22BF42254561E00D7FEBB /* LoginViewController.swift in Sources */ = {isa = PBXBuildFile; fileRef = 74E22BEE2254561E00D7FEBB /* LoginViewController.swift */; };
		74E22BF72254564400D7FEBB /* UserServices.swift in Sources */ = {isa = PBXBuildFile; fileRef = 74E22BF52254564400D7FEBB /* UserServices.swift */; };
		74E22BF82254564400D7FEBB /* FruitServices.swift in Sources */ = {isa = PBXBuildFile; fileRef = 74E22BF62254564400D7FEBB /* FruitServices.swift */; };
		77119CE1A3213BEFB4575AF9 /* Pods_ViperSampleTests.framework in Frameworks */ = {isa = PBXBuildFile; fileRef = 7EDEADA33221E411F3250E6B /* Pods_ViperSampleTests.framework */; };
		947731A91E49146117A5FB25 /* Pods_ViperSample.framework in Frameworks */ = {isa = PBXBuildFile; fileRef = A398DBD5108F4E92D2626DC3 /* Pods_ViperSample.framework */; };
/* End PBXBuildFile section */

/* Begin PBXContainerItemProxy section */
		30F7FEC42268230200374DC4 /* PBXContainerItemProxy */ = {
			isa = PBXContainerItemProxy;
			containerPortal = 74E22B9B225453FA00D7FEBB /* Project object */;
			proxyType = 1;
			remoteGlobalIDString = 74E22BA2225453FB00D7FEBB;
			remoteInfo = ViperSample;
		};
/* End PBXContainerItemProxy section */

/* Begin PBXFileReference section */
		037F69340C7DBB0F335C3C43 /* Pods-ViperSampleTests.release.xcconfig */ = {isa = PBXFileReference; includeInIndex = 1; lastKnownFileType = text.xcconfig; name = "Pods-ViperSampleTests.release.xcconfig"; path = "Pods/Target Support Files/Pods-ViperSampleTests/Pods-ViperSampleTests.release.xcconfig"; sourceTree = "<group>"; };
		0C0BB3C94CB015D9CDC1E2C8 /* Pods-ViperSample.release.xcconfig */ = {isa = PBXFileReference; includeInIndex = 1; lastKnownFileType = text.xcconfig; name = "Pods-ViperSample.release.xcconfig"; path = "Pods/Target Support Files/Pods-ViperSample/Pods-ViperSample.release.xcconfig"; sourceTree = "<group>"; };
		1AD9F92AA437F62B91B0D68E /* Pods-ViperSampleTests.debug.xcconfig */ = {isa = PBXFileReference; includeInIndex = 1; lastKnownFileType = text.xcconfig; name = "Pods-ViperSampleTests.debug.xcconfig"; path = "Pods/Target Support Files/Pods-ViperSampleTests/Pods-ViperSampleTests.debug.xcconfig"; sourceTree = "<group>"; };
		30760C11227018C300946405 /* FruitServicesTests.swift */ = {isa = PBXFileReference; fileEncoding = 4; lastKnownFileType = sourcecode.swift; path = FruitServicesTests.swift; sourceTree = "<group>"; };
		30760C12227018C300946405 /* UserServicesTests.swift */ = {isa = PBXFileReference; fileEncoding = 4; lastKnownFileType = sourcecode.swift; path = UserServicesTests.swift; sourceTree = "<group>"; };
		30A27A752269607000C058BA /* LoginPresenterTests.swift */ = {isa = PBXFileReference; lastKnownFileType = sourcecode.swift; path = LoginPresenterTests.swift; sourceTree = "<group>"; };
		30A27A7A2269616F00C058BA /* MockDefaultLoginRouter.swift */ = {isa = PBXFileReference; lastKnownFileType = sourcecode.swift; path = MockDefaultLoginRouter.swift; sourceTree = "<group>"; };
		30A27A7C226961E000C058BA /* MockDefaultLoginInteractor.swift */ = {isa = PBXFileReference; lastKnownFileType = sourcecode.swift; path = MockDefaultLoginInteractor.swift; sourceTree = "<group>"; };
		30A27A82226989E000C058BA /* ListFruitInteractorTests.swift */ = {isa = PBXFileReference; lastKnownFileType = sourcecode.swift; path = ListFruitInteractorTests.swift; sourceTree = "<group>"; };
		30A27A842269A84500C058BA /* FruitServicesStub.swift */ = {isa = PBXFileReference; lastKnownFileType = sourcecode.swift; path = FruitServicesStub.swift; sourceTree = "<group>"; };
		30A27A862269AB0400C058BA /* MockHomePresenter.swift */ = {isa = PBXFileReference; lastKnownFileType = sourcecode.swift; path = MockHomePresenter.swift; sourceTree = "<group>"; };
		30DAF70022701A550062DA0F /* MockDefaultHomeRouter.swift */ = {isa = PBXFileReference; fileEncoding = 4; lastKnownFileType = sourcecode.swift; path = MockDefaultHomeRouter.swift; sourceTree = "<group>"; };
		30DAF70122701A550062DA0F /* MockHomeViewController.swift */ = {isa = PBXFileReference; fileEncoding = 4; lastKnownFileType = sourcecode.swift; path = MockHomeViewController.swift; sourceTree = "<group>"; };
		30DAF70222701A550062DA0F /* MockDefaultListFruitInteractor.swift */ = {isa = PBXFileReference; fileEncoding = 4; lastKnownFileType = sourcecode.swift; path = MockDefaultListFruitInteractor.swift; sourceTree = "<group>"; };
		30DAF70322701A550062DA0F /* HomePresenterTests.swift */ = {isa = PBXFileReference; fileEncoding = 4; lastKnownFileType = sourcecode.swift; path = HomePresenterTests.swift; sourceTree = "<group>"; };
		30F3C2E1227C3199009847B0 /* Tree.swift */ = {isa = PBXFileReference; fileEncoding = 4; lastKnownFileType = sourcecode.swift; path = Tree.swift; sourceTree = "<group>"; };
		30F3C2E5227C3199009847B0 /* TableCell.xib */ = {isa = PBXFileReference; fileEncoding = 4; lastKnownFileType = file.xib; path = TableCell.xib; sourceTree = "<group>"; };
		30F3C2E6227C3199009847B0 /* TableCell.swift */ = {isa = PBXFileReference; fileEncoding = 4; lastKnownFileType = sourcecode.swift; path = TableCell.swift; sourceTree = "<group>"; };
		30F3C2E7227C3199009847B0 /* TableCellViewModel.swift */ = {isa = PBXFileReference; fileEncoding = 4; lastKnownFileType = sourcecode.swift; path = TableCellViewModel.swift; sourceTree = "<group>"; };
		30F3C2E9227C3199009847B0 /* ExpandCollapsTableCell.swift */ = {isa = PBXFileReference; fileEncoding = 4; lastKnownFileType = sourcecode.swift; path = ExpandCollapsTableCell.swift; sourceTree = "<group>"; };
		30F3C2EA227C3199009847B0 /* ExpandCollapsTableCell.xib */ = {isa = PBXFileReference; fileEncoding = 4; lastKnownFileType = file.xib; path = ExpandCollapsTableCell.xib; sourceTree = "<group>"; };
		30F3C2EB227C3199009847B0 /* ExpandCollapsCellViewModel.swift */ = {isa = PBXFileReference; fileEncoding = 4; lastKnownFileType = sourcecode.swift; path = ExpandCollapsCellViewModel.swift; sourceTree = "<group>"; };
		30F3C2EC227C3199009847B0 /* TreeTableViewModel.swift */ = {isa = PBXFileReference; fileEncoding = 4; lastKnownFileType = sourcecode.swift; path = TreeTableViewModel.swift; sourceTree = "<group>"; };
		30F3C2ED227C3199009847B0 /* TreeTableViewController.xib */ = {isa = PBXFileReference; fileEncoding = 4; lastKnownFileType = file.xib; path = TreeTableViewController.xib; sourceTree = "<group>"; };
		30F3C2EE227C3199009847B0 /* TreeTableViewController.swift */ = {isa = PBXFileReference; fileEncoding = 4; lastKnownFileType = sourcecode.swift; path = TreeTableViewController.swift; sourceTree = "<group>"; };
		30F7FEBF2268230200374DC4 /* ViperSampleTests.xctest */ = {isa = PBXFileReference; explicitFileType = wrapper.cfbundle; includeInIndex = 0; path = ViperSampleTests.xctest; sourceTree = BUILT_PRODUCTS_DIR; };
		30F7FEC32268230200374DC4 /* Info.plist */ = {isa = PBXFileReference; lastKnownFileType = text.plist.xml; path = Info.plist; sourceTree = "<group>"; };
		74E22BA3225453FB00D7FEBB /* ViperSample.app */ = {isa = PBXFileReference; explicitFileType = wrapper.application; includeInIndex = 0; path = ViperSample.app; sourceTree = BUILT_PRODUCTS_DIR; };
		74E22BA6225453FB00D7FEBB /* AppDelegate.swift */ = {isa = PBXFileReference; lastKnownFileType = sourcecode.swift; path = AppDelegate.swift; sourceTree = "<group>"; };
		74E22BAD225453FC00D7FEBB /* Assets.xcassets */ = {isa = PBXFileReference; lastKnownFileType = folder.assetcatalog; path = Assets.xcassets; sourceTree = "<group>"; };
		74E22BB0225453FC00D7FEBB /* Base */ = {isa = PBXFileReference; lastKnownFileType = file.storyboard; name = Base; path = Base.lproj/LaunchScreen.storyboard; sourceTree = "<group>"; };
		74E22BB2225453FC00D7FEBB /* Info.plist */ = {isa = PBXFileReference; lastKnownFileType = text.plist.xml; path = Info.plist; sourceTree = "<group>"; };
		74E22BC52254554700D7FEBB /* StringExt.swift */ = {isa = PBXFileReference; fileEncoding = 4; lastKnownFileType = sourcecode.swift; path = StringExt.swift; sourceTree = "<group>"; };
		74E22BC72254554700D7FEBB /* UITextFieldExt.swift */ = {isa = PBXFileReference; fileEncoding = 4; lastKnownFileType = sourcecode.swift; path = UITextFieldExt.swift; sourceTree = "<group>"; };
		74E22BCA2254557100D7FEBB /* Errors.swift */ = {isa = PBXFileReference; fileEncoding = 4; lastKnownFileType = sourcecode.swift; path = Errors.swift; sourceTree = "<group>"; };
		74E22BCB2254557100D7FEBB /* Completion.swift */ = {isa = PBXFileReference; fileEncoding = 4; lastKnownFileType = sourcecode.swift; path = Completion.swift; sourceTree = "<group>"; };
		74E22BCF2254559200D7FEBB /* LoginRouter.swift */ = {isa = PBXFileReference; fileEncoding = 4; lastKnownFileType = sourcecode.swift; path = LoginRouter.swift; sourceTree = "<group>"; };
		74E22BD12254559200D7FEBB /* HomeRouter.swift */ = {isa = PBXFileReference; fileEncoding = 4; lastKnownFileType = sourcecode.swift; path = HomeRouter.swift; sourceTree = "<group>"; };
		74E22BD4225455D600D7FEBB /* UserEntity.swift */ = {isa = PBXFileReference; fileEncoding = 4; lastKnownFileType = sourcecode.swift; path = UserEntity.swift; sourceTree = "<group>"; };
		74E22BD5225455D600D7FEBB /* FruitEntity.swift */ = {isa = PBXFileReference; fileEncoding = 4; lastKnownFileType = sourcecode.swift; path = FruitEntity.swift; sourceTree = "<group>"; };
		74E22BD8225455E900D7FEBB /* Fruit.swift */ = {isa = PBXFileReference; fileEncoding = 4; lastKnownFileType = sourcecode.swift; path = Fruit.swift; sourceTree = "<group>"; };
		74E22BD9225455E900D7FEBB /* User.swift */ = {isa = PBXFileReference; fileEncoding = 4; lastKnownFileType = sourcecode.swift; path = User.swift; sourceTree = "<group>"; };
		74E22BDC225455F900D7FEBB /* ListFruitInteractor.swift */ = {isa = PBXFileReference; fileEncoding = 4; lastKnownFileType = sourcecode.swift; path = ListFruitInteractor.swift; sourceTree = "<group>"; };
		74E22BDD225455F900D7FEBB /* LoginInteractor.swift */ = {isa = PBXFileReference; fileEncoding = 4; lastKnownFileType = sourcecode.swift; path = LoginInteractor.swift; sourceTree = "<group>"; };
		74E22BE12254560C00D7FEBB /* LoginPresenter.swift */ = {isa = PBXFileReference; fileEncoding = 4; lastKnownFileType = sourcecode.swift; path = LoginPresenter.swift; sourceTree = "<group>"; };
		74E22BE32254560C00D7FEBB /* HomePresenter.swift */ = {isa = PBXFileReference; fileEncoding = 4; lastKnownFileType = sourcecode.swift; path = HomePresenter.swift; sourceTree = "<group>"; };
		74E22BE72254561E00D7FEBB /* HomeViewController.xib */ = {isa = PBXFileReference; fileEncoding = 4; lastKnownFileType = file.xib; path = HomeViewController.xib; sourceTree = "<group>"; };
		74E22BE82254561E00D7FEBB /* HomeViewController.swift */ = {isa = PBXFileReference; fileEncoding = 4; lastKnownFileType = sourcecode.swift; path = HomeViewController.swift; sourceTree = "<group>"; };
		74E22BEA2254561E00D7FEBB /* HomeCell.swift */ = {isa = PBXFileReference; fileEncoding = 4; lastKnownFileType = sourcecode.swift; path = HomeCell.swift; sourceTree = "<group>"; };
		74E22BEB2254561E00D7FEBB /* HomeCell.xib */ = {isa = PBXFileReference; fileEncoding = 4; lastKnownFileType = file.xib; path = HomeCell.xib; sourceTree = "<group>"; };
		74E22BED2254561E00D7FEBB /* LoginViewController.xib */ = {isa = PBXFileReference; fileEncoding = 4; lastKnownFileType = file.xib; path = LoginViewController.xib; sourceTree = "<group>"; };
		74E22BEE2254561E00D7FEBB /* LoginViewController.swift */ = {isa = PBXFileReference; fileEncoding = 4; lastKnownFileType = sourcecode.swift; path = LoginViewController.swift; sourceTree = "<group>"; };
		74E22BF52254564400D7FEBB /* UserServices.swift */ = {isa = PBXFileReference; fileEncoding = 4; lastKnownFileType = sourcecode.swift; path = UserServices.swift; sourceTree = "<group>"; };
		74E22BF62254564400D7FEBB /* FruitServices.swift */ = {isa = PBXFileReference; fileEncoding = 4; lastKnownFileType = sourcecode.swift; path = FruitServices.swift; sourceTree = "<group>"; };
		7EDEADA33221E411F3250E6B /* Pods_ViperSampleTests.framework */ = {isa = PBXFileReference; explicitFileType = wrapper.framework; includeInIndex = 0; path = Pods_ViperSampleTests.framework; sourceTree = BUILT_PRODUCTS_DIR; };
		95AFF2BF530D75F6B034DB8F /* Pods-ViperSample.debug.xcconfig */ = {isa = PBXFileReference; includeInIndex = 1; lastKnownFileType = text.xcconfig; name = "Pods-ViperSample.debug.xcconfig"; path = "Pods/Target Support Files/Pods-ViperSample/Pods-ViperSample.debug.xcconfig"; sourceTree = "<group>"; };
		A398DBD5108F4E92D2626DC3 /* Pods_ViperSample.framework */ = {isa = PBXFileReference; explicitFileType = wrapper.framework; includeInIndex = 0; path = Pods_ViperSample.framework; sourceTree = BUILT_PRODUCTS_DIR; };
/* End PBXFileReference section */

/* Begin PBXFrameworksBuildPhase section */
		30F7FEBC2268230200374DC4 /* Frameworks */ = {
			isa = PBXFrameworksBuildPhase;
			buildActionMask = 2147483647;
			files = (
				77119CE1A3213BEFB4575AF9 /* Pods_ViperSampleTests.framework in Frameworks */,
			);
			runOnlyForDeploymentPostprocessing = 0;
		};
		74E22BA0225453FB00D7FEBB /* Frameworks */ = {
			isa = PBXFrameworksBuildPhase;
			buildActionMask = 2147483647;
			files = (
				947731A91E49146117A5FB25 /* Pods_ViperSample.framework in Frameworks */,
			);
			runOnlyForDeploymentPostprocessing = 0;
		};
/* End PBXFrameworksBuildPhase section */

/* Begin PBXGroup section */
		23E7074C5FA4D0352E8C0498 /* Pods */ = {
			isa = PBXGroup;
			children = (
				95AFF2BF530D75F6B034DB8F /* Pods-ViperSample.debug.xcconfig */,
				0C0BB3C94CB015D9CDC1E2C8 /* Pods-ViperSample.release.xcconfig */,
				1AD9F92AA437F62B91B0D68E /* Pods-ViperSampleTests.debug.xcconfig */,
				037F69340C7DBB0F335C3C43 /* Pods-ViperSampleTests.release.xcconfig */,
			);
			name = Pods;
			sourceTree = "<group>";
		};
		30760C10227018C300946405 /* Services */ = {
			isa = PBXGroup;
			children = (
				30760C11227018C300946405 /* FruitServicesTests.swift */,
				30760C12227018C300946405 /* UserServicesTests.swift */,
			);
			path = Services;
			sourceTree = "<group>";
		};
		30A27A77226960E100C058BA /* Login */ = {
			isa = PBXGroup;
			children = (
				30A27A752269607000C058BA /* LoginPresenterTests.swift */,
				30A27A7A2269616F00C058BA /* MockDefaultLoginRouter.swift */,
				30A27A7C226961E000C058BA /* MockDefaultLoginInteractor.swift */,
			);
			path = Login;
			sourceTree = "<group>";
		};
		30A27A7F2269892600C058BA /* Interactor */ = {
			isa = PBXGroup;
			children = (
				30A27A892269B43900C058BA /* Login */,
				30A27A882269B42E00C058BA /* ListFruit */,
			);
			path = Interactor;
			sourceTree = "<group>";
		};
		30A27A882269B42E00C058BA /* ListFruit */ = {
			isa = PBXGroup;
			children = (
				30A27A82226989E000C058BA /* ListFruitInteractorTests.swift */,
				30A27A842269A84500C058BA /* FruitServicesStub.swift */,
				30A27A862269AB0400C058BA /* MockHomePresenter.swift */,
			);
			path = ListFruit;
			sourceTree = "<group>";
		};
		30A27A892269B43900C058BA /* Login */ = {
			isa = PBXGroup;
			children = (
			);
			path = Login;
			sourceTree = "<group>";
		};
		30DAF6FF22701A550062DA0F /* Home */ = {
			isa = PBXGroup;
			children = (
				30DAF70022701A550062DA0F /* MockDefaultHomeRouter.swift */,
				30DAF70122701A550062DA0F /* MockHomeViewController.swift */,
				30DAF70222701A550062DA0F /* MockDefaultListFruitInteractor.swift */,
				30DAF70322701A550062DA0F /* HomePresenterTests.swift */,
			);
			path = Home;
			sourceTree = "<group>";
		};
		30F3C2DF227C3199009847B0 /* TreeTableView */ = {
			isa = PBXGroup;
			children = (
				30F3C2E0227C3199009847B0 /* Model */,
				30F3C2E2227C3199009847B0 /* View */,
			);
			path = TreeTableView;
			sourceTree = "<group>";
		};
		30F3C2E0227C3199009847B0 /* Model */ = {
			isa = PBXGroup;
			children = (
				30F3C2E1227C3199009847B0 /* Tree.swift */,
			);
			path = Model;
			sourceTree = "<group>";
		};
		30F3C2E2227C3199009847B0 /* View */ = {
			isa = PBXGroup;
			children = (
				30F3C2E3227C3199009847B0 /* Cell */,
				30F3C2EC227C3199009847B0 /* TreeTableViewModel.swift */,
				30F3C2ED227C3199009847B0 /* TreeTableViewController.xib */,
				30F3C2EE227C3199009847B0 /* TreeTableViewController.swift */,
			);
			path = View;
			sourceTree = "<group>";
		};
		30F3C2E3227C3199009847B0 /* Cell */ = {
			isa = PBXGroup;
			children = (
				30F3C2E4227C3199009847B0 /* LvCell */,
				30F3C2E8227C3199009847B0 /* ExpandCollapse */,
			);
			path = Cell;
			sourceTree = "<group>";
		};
		30F3C2E4227C3199009847B0 /* LvCell */ = {
			isa = PBXGroup;
			children = (
				30F3C2E5227C3199009847B0 /* TableCell.xib */,
				30F3C2E6227C3199009847B0 /* TableCell.swift */,
				30F3C2E7227C3199009847B0 /* TableCellViewModel.swift */,
			);
			path = LvCell;
			sourceTree = "<group>";
		};
		30F3C2E8227C3199009847B0 /* ExpandCollapse */ = {
			isa = PBXGroup;
			children = (
				30F3C2E9227C3199009847B0 /* ExpandCollapsTableCell.swift */,
				30F3C2EA227C3199009847B0 /* ExpandCollapsTableCell.xib */,
				30F3C2EB227C3199009847B0 /* ExpandCollapsCellViewModel.swift */,
			);
			path = ExpandCollapse;
			sourceTree = "<group>";
		};
		30F7FEC02268230200374DC4 /* ViperSampleTests */ = {
			isa = PBXGroup;
			children = (
				30760C10227018C300946405 /* Services */,
				30A27A7F2269892600C058BA /* Interactor */,
				30F7FEC9226829A000374DC4 /* Presenter */,
				30F7FEC32268230200374DC4 /* Info.plist */,
			);
			path = ViperSampleTests;
			sourceTree = "<group>";
		};
		30F7FEC9226829A000374DC4 /* Presenter */ = {
			isa = PBXGroup;
			children = (
				30DAF6FF22701A550062DA0F /* Home */,
				30A27A77226960E100C058BA /* Login */,
			);
			path = Presenter;
			sourceTree = "<group>";
		};
		74E22B9A225453FA00D7FEBB = {
			isa = PBXGroup;
			children = (
				F463F1447D126632A4C575B1 /* Frameworks */,
				23E7074C5FA4D0352E8C0498 /* Pods */,
				74E22BA4225453FB00D7FEBB /* Products */,
				30F3C2DF227C3199009847B0 /* TreeTableView */,
				74E22BA5225453FB00D7FEBB /* ViperSample */,
				30F7FEC02268230200374DC4 /* ViperSampleTests */,
			);
			sourceTree = "<group>";
		};
		74E22BA4225453FB00D7FEBB /* Products */ = {
			isa = PBXGroup;
			children = (
				74E22BA3225453FB00D7FEBB /* ViperSample.app */,
				30F7FEBF2268230200374DC4 /* ViperSampleTests.xctest */,
			);
			name = Products;
			sourceTree = "<group>";
		};
		74E22BA5225453FB00D7FEBB /* ViperSample */ = {
			isa = PBXGroup;
			children = (
				74E22BC2225454F100D7FEBB /* Define */,
				74E22BC1225454E000D7FEBB /* Router */,
				74E22BC0225454DB00D7FEBB /* View */,
				74E22BBF225454B500D7FEBB /* Presenter */,
				74E22BBE225454AF00D7FEBB /* DTO */,
				74E22BBD225454A800D7FEBB /* Interactor */,
				74E22BBC225454A100D7FEBB /* Entity */,
				74E22BBB2254549500D7FEBB /* Services */,
				74E22BBA2254548C00D7FEBB /* Library */,
				74E22BB92254548400D7FEBB /* Resources */,
				74E22BB82254547600D7FEBB /* Supports */,
			);
			path = ViperSample;
			sourceTree = "<group>";
		};
		74E22BB82254547600D7FEBB /* Supports */ = {
			isa = PBXGroup;
			children = (
				74E22BB2225453FC00D7FEBB /* Info.plist */,
			);
			path = Supports;
			sourceTree = "<group>";
		};
		74E22BB92254548400D7FEBB /* Resources */ = {
			isa = PBXGroup;
			children = (
				74E22BAD225453FC00D7FEBB /* Assets.xcassets */,
			);
			path = Resources;
			sourceTree = "<group>";
		};
		74E22BBA2254548C00D7FEBB /* Library */ = {
			isa = PBXGroup;
			children = (
				74E22BC42254554700D7FEBB /* String */,
				74E22BC62254554700D7FEBB /* UI */,
			);
			path = Library;
			sourceTree = "<group>";
		};
		74E22BBB2254549500D7FEBB /* Services */ = {
			isa = PBXGroup;
			children = (
				74E22BF62254564400D7FEBB /* FruitServices.swift */,
				74E22BF52254564400D7FEBB /* UserServices.swift */,
			);
			path = Services;
			sourceTree = "<group>";
		};
		74E22BBC225454A100D7FEBB /* Entity */ = {
			isa = PBXGroup;
			children = (
				74E22BD5225455D600D7FEBB /* FruitEntity.swift */,
				74E22BD4225455D600D7FEBB /* UserEntity.swift */,
			);
			path = Entity;
			sourceTree = "<group>";
		};
		74E22BBD225454A800D7FEBB /* Interactor */ = {
			isa = PBXGroup;
			children = (
				74E22BDC225455F900D7FEBB /* ListFruitInteractor.swift */,
				74E22BDD225455F900D7FEBB /* LoginInteractor.swift */,
			);
			path = Interactor;
			sourceTree = "<group>";
		};
		74E22BBE225454AF00D7FEBB /* DTO */ = {
			isa = PBXGroup;
			children = (
				74E22BD8225455E900D7FEBB /* Fruit.swift */,
				74E22BD9225455E900D7FEBB /* User.swift */,
			);
			path = DTO;
			sourceTree = "<group>";
		};
		74E22BBF225454B500D7FEBB /* Presenter */ = {
			isa = PBXGroup;
			children = (
				74E22BE22254560C00D7FEBB /* Home */,
				74E22BE02254560C00D7FEBB /* Login */,
			);
			path = Presenter;
			sourceTree = "<group>";
		};
		74E22BC0225454DB00D7FEBB /* View */ = {
			isa = PBXGroup;
			children = (
				74E22BE62254561E00D7FEBB /* Home */,
				74E22BEC2254561E00D7FEBB /* Login */,
				74E22BC32254552100D7FEBB /* App */,
			);
			path = View;
			sourceTree = "<group>";
		};
		74E22BC1225454E000D7FEBB /* Router */ = {
			isa = PBXGroup;
			children = (
				74E22BD02254559200D7FEBB /* Home */,
				74E22BCE2254559200D7FEBB /* Login */,
			);
			path = Router;
			sourceTree = "<group>";
		};
		74E22BC2225454F100D7FEBB /* Define */ = {
			isa = PBXGroup;
			children = (
				74E22BCB2254557100D7FEBB /* Completion.swift */,
				74E22BCA2254557100D7FEBB /* Errors.swift */,
			);
			path = Define;
			sourceTree = "<group>";
		};
		74E22BC32254552100D7FEBB /* App */ = {
			isa = PBXGroup;
			children = (
				74E22BA6225453FB00D7FEBB /* AppDelegate.swift */,
				74E22BAF225453FC00D7FEBB /* LaunchScreen.storyboard */,
			);
			path = App;
			sourceTree = "<group>";
		};
		74E22BC42254554700D7FEBB /* String */ = {
			isa = PBXGroup;
			children = (
				74E22BC52254554700D7FEBB /* StringExt.swift */,
			);
			path = String;
			sourceTree = "<group>";
		};
		74E22BC62254554700D7FEBB /* UI */ = {
			isa = PBXGroup;
			children = (
				74E22BC72254554700D7FEBB /* UITextFieldExt.swift */,
			);
			path = UI;
			sourceTree = "<group>";
		};
		74E22BCE2254559200D7FEBB /* Login */ = {
			isa = PBXGroup;
			children = (
				74E22BCF2254559200D7FEBB /* LoginRouter.swift */,
			);
			path = Login;
			sourceTree = "<group>";
		};
		74E22BD02254559200D7FEBB /* Home */ = {
			isa = PBXGroup;
			children = (
				74E22BD12254559200D7FEBB /* HomeRouter.swift */,
			);
			path = Home;
			sourceTree = "<group>";
		};
		74E22BE02254560C00D7FEBB /* Login */ = {
			isa = PBXGroup;
			children = (
				74E22BE12254560C00D7FEBB /* LoginPresenter.swift */,
			);
			path = Login;
			sourceTree = "<group>";
		};
		74E22BE22254560C00D7FEBB /* Home */ = {
			isa = PBXGroup;
			children = (
				74E22BE32254560C00D7FEBB /* HomePresenter.swift */,
			);
			path = Home;
			sourceTree = "<group>";
		};
		74E22BE62254561E00D7FEBB /* Home */ = {
			isa = PBXGroup;
			children = (
				74E22BE72254561E00D7FEBB /* HomeViewController.xib */,
				74E22BE82254561E00D7FEBB /* HomeViewController.swift */,
				74E22BE92254561E00D7FEBB /* Cell */,
			);
			path = Home;
			sourceTree = "<group>";
		};
		74E22BE92254561E00D7FEBB /* Cell */ = {
			isa = PBXGroup;
			children = (
				74E22BEA2254561E00D7FEBB /* HomeCell.swift */,
				74E22BEB2254561E00D7FEBB /* HomeCell.xib */,
			);
			path = Cell;
			sourceTree = "<group>";
		};
		74E22BEC2254561E00D7FEBB /* Login */ = {
			isa = PBXGroup;
			children = (
				74E22BED2254561E00D7FEBB /* LoginViewController.xib */,
				74E22BEE2254561E00D7FEBB /* LoginViewController.swift */,
			);
			path = Login;
			sourceTree = "<group>";
		};
		F463F1447D126632A4C575B1 /* Frameworks */ = {
			isa = PBXGroup;
			children = (
				A398DBD5108F4E92D2626DC3 /* Pods_ViperSample.framework */,
				7EDEADA33221E411F3250E6B /* Pods_ViperSampleTests.framework */,
			);
			name = Frameworks;
			sourceTree = "<group>";
		};
/* End PBXGroup section */

/* Begin PBXNativeTarget section */
		30F7FEBE2268230200374DC4 /* ViperSampleTests */ = {
			isa = PBXNativeTarget;
			buildConfigurationList = 30F7FEC62268230200374DC4 /* Build configuration list for PBXNativeTarget "ViperSampleTests" */;
			buildPhases = (
				9A8CF8A9B38D3D2ABCCCFB0F /* [CP] Check Pods Manifest.lock */,
				30F7FEBB2268230200374DC4 /* Sources */,
				30F7FEBC2268230200374DC4 /* Frameworks */,
				30F7FEBD2268230200374DC4 /* Resources */,
			);
			buildRules = (
			);
			dependencies = (
				30F7FEC52268230200374DC4 /* PBXTargetDependency */,
			);
			name = ViperSampleTests;
			productName = ViperSampleTests;
			productReference = 30F7FEBF2268230200374DC4 /* ViperSampleTests.xctest */;
			productType = "com.apple.product-type.bundle.unit-test";
		};
		74E22BA2225453FB00D7FEBB /* ViperSample */ = {
			isa = PBXNativeTarget;
			buildConfigurationList = 74E22BB5225453FC00D7FEBB /* Build configuration list for PBXNativeTarget "ViperSample" */;
			buildPhases = (
				A0D05A92F6535B6FDE853895 /* [CP] Check Pods Manifest.lock */,
				74E22B9F225453FB00D7FEBB /* Sources */,
				74E22BA0225453FB00D7FEBB /* Frameworks */,
				74E22BA1225453FB00D7FEBB /* Resources */,
				368F8D0705D75CF054FC2A52 /* [CP] Embed Pods Frameworks */,
			);
			buildRules = (
			);
			dependencies = (
			);
			name = ViperSample;
			productName = ViperSample;
			productReference = 74E22BA3225453FB00D7FEBB /* ViperSample.app */;
			productType = "com.apple.product-type.application";
		};
/* End PBXNativeTarget section */

/* Begin PBXProject section */
		74E22B9B225453FA00D7FEBB /* Project object */ = {
			isa = PBXProject;
			attributes = {
				LastSwiftUpdateCheck = 1000;
				LastUpgradeCheck = 1010;
				ORGANIZATIONNAME = "Van Le H.";
				TargetAttributes = {
					30F7FEBE2268230200374DC4 = {
						CreatedOnToolsVersion = 10.0;
						LastSwiftMigration = 1000;
						TestTargetID = 74E22BA2225453FB00D7FEBB;
					};
					74E22BA2225453FB00D7FEBB = {
						CreatedOnToolsVersion = 10.1;
					};
				};
			};
			buildConfigurationList = 74E22B9E225453FA00D7FEBB /* Build configuration list for PBXProject "ViperSample" */;
			compatibilityVersion = "Xcode 9.3";
			developmentRegion = en;
			hasScannedForEncodings = 0;
			knownRegions = (
				en,
				Base,
			);
			mainGroup = 74E22B9A225453FA00D7FEBB;
			productRefGroup = 74E22BA4225453FB00D7FEBB /* Products */;
			projectDirPath = "";
			projectRoot = "";
			targets = (
				74E22BA2225453FB00D7FEBB /* ViperSample */,
				30F7FEBE2268230200374DC4 /* ViperSampleTests */,
			);
		};
/* End PBXProject section */

/* Begin PBXResourcesBuildPhase section */
		30F7FEBD2268230200374DC4 /* Resources */ = {
			isa = PBXResourcesBuildPhase;
			buildActionMask = 2147483647;
			files = (
			);
			runOnlyForDeploymentPostprocessing = 0;
		};
		74E22BA1225453FB00D7FEBB /* Resources */ = {
			isa = PBXResourcesBuildPhase;
			buildActionMask = 2147483647;
			files = (
				74E22BF32254561E00D7FEBB /* LoginViewController.xib in Resources */,
				74E22BB1225453FC00D7FEBB /* LaunchScreen.storyboard in Resources */,
				74E22BAE225453FC00D7FEBB /* Assets.xcassets in Resources */,
				30F3C2F7227C3199009847B0 /* TreeTableViewController.xib in Resources */,
				74E22BF22254561E00D7FEBB /* HomeCell.xib in Resources */,
				30F3C2F0227C3199009847B0 /* TableCell.xib in Resources */,
				30F3C2F4227C3199009847B0 /* ExpandCollapsTableCell.xib in Resources */,
				74E22BEF2254561E00D7FEBB /* HomeViewController.xib in Resources */,
			);
			runOnlyForDeploymentPostprocessing = 0;
		};
/* End PBXResourcesBuildPhase section */

/* Begin PBXShellScriptBuildPhase section */
		368F8D0705D75CF054FC2A52 /* [CP] Embed Pods Frameworks */ = {
			isa = PBXShellScriptBuildPhase;
			buildActionMask = 2147483647;
			files = (
			);
			inputFileListPaths = (
			);
			inputPaths = (
				"${PODS_ROOT}/Target Support Files/Pods-ViperSample/Pods-ViperSample-frameworks.sh",
				"${BUILT_PRODUCTS_DIR}/MVVM-Swift/MVVM.framework",
				"${BUILT_PRODUCTS_DIR}/Nimble/Nimble.framework",
				"${BUILT_PRODUCTS_DIR}/OHHTTPStubs/OHHTTPStubs.framework",
				"${BUILT_PRODUCTS_DIR}/Quick/Quick.framework",
				"${BUILT_PRODUCTS_DIR}/SwiftUtils/SwiftUtils.framework",
			);
			name = "[CP] Embed Pods Frameworks";
			outputFileListPaths = (
			);
			outputPaths = (
				"${TARGET_BUILD_DIR}/${FRAMEWORKS_FOLDER_PATH}/MVVM.framework",
				"${TARGET_BUILD_DIR}/${FRAMEWORKS_FOLDER_PATH}/Nimble.framework",
				"${TARGET_BUILD_DIR}/${FRAMEWORKS_FOLDER_PATH}/OHHTTPStubs.framework",
				"${TARGET_BUILD_DIR}/${FRAMEWORKS_FOLDER_PATH}/Quick.framework",
				"${TARGET_BUILD_DIR}/${FRAMEWORKS_FOLDER_PATH}/SwiftUtils.framework",
			);
			runOnlyForDeploymentPostprocessing = 0;
			shellPath = /bin/sh;
			shellScript = "\"${PODS_ROOT}/Target Support Files/Pods-ViperSample/Pods-ViperSample-frameworks.sh\"\n";
			showEnvVarsInLog = 0;
		};
		9A8CF8A9B38D3D2ABCCCFB0F /* [CP] Check Pods Manifest.lock */ = {
			isa = PBXShellScriptBuildPhase;
			buildActionMask = 2147483647;
			files = (
			);
			inputFileListPaths = (
			);
			inputPaths = (
				"${PODS_PODFILE_DIR_PATH}/Podfile.lock",
				"${PODS_ROOT}/Manifest.lock",
			);
			name = "[CP] Check Pods Manifest.lock";
			outputFileListPaths = (
			);
			outputPaths = (
				"$(DERIVED_FILE_DIR)/Pods-ViperSampleTests-checkManifestLockResult.txt",
			);
			runOnlyForDeploymentPostprocessing = 0;
			shellPath = /bin/sh;
			shellScript = "diff \"${PODS_PODFILE_DIR_PATH}/Podfile.lock\" \"${PODS_ROOT}/Manifest.lock\" > /dev/null\nif [ $? != 0 ] ; then\n    # print error to STDERR\n    echo \"error: The sandbox is not in sync with the Podfile.lock. Run 'pod install' or update your CocoaPods installation.\" >&2\n    exit 1\nfi\n# This output is used by Xcode 'outputs' to avoid re-running this script phase.\necho \"SUCCESS\" > \"${SCRIPT_OUTPUT_FILE_0}\"\n";
			showEnvVarsInLog = 0;
		};
		A0D05A92F6535B6FDE853895 /* [CP] Check Pods Manifest.lock */ = {
			isa = PBXShellScriptBuildPhase;
			buildActionMask = 2147483647;
			files = (
			);
			inputFileListPaths = (
			);
			inputPaths = (
				"${PODS_PODFILE_DIR_PATH}/Podfile.lock",
				"${PODS_ROOT}/Manifest.lock",
			);
			name = "[CP] Check Pods Manifest.lock";
			outputFileListPaths = (
			);
			outputPaths = (
				"$(DERIVED_FILE_DIR)/Pods-ViperSample-checkManifestLockResult.txt",
			);
			runOnlyForDeploymentPostprocessing = 0;
			shellPath = /bin/sh;
			shellScript = "diff \"${PODS_PODFILE_DIR_PATH}/Podfile.lock\" \"${PODS_ROOT}/Manifest.lock\" > /dev/null\nif [ $? != 0 ] ; then\n    # print error to STDERR\n    echo \"error: The sandbox is not in sync with the Podfile.lock. Run 'pod install' or update your CocoaPods installation.\" >&2\n    exit 1\nfi\n# This output is used by Xcode 'outputs' to avoid re-running this script phase.\necho \"SUCCESS\" > \"${SCRIPT_OUTPUT_FILE_0}\"\n";
			showEnvVarsInLog = 0;
		};
/* End PBXShellScriptBuildPhase section */

/* Begin PBXSourcesBuildPhase section */
		30F7FEBB2268230200374DC4 /* Sources */ = {
			isa = PBXSourcesBuildPhase;
			buildActionMask = 2147483647;
			files = (
				30A27A872269AB0400C058BA /* MockHomePresenter.swift in Sources */,
				30760C13227018C300946405 /* FruitServicesTests.swift in Sources */,
				30760C14227018C300946405 /* UserServicesTests.swift in Sources */,
				30A27A7B2269616F00C058BA /* MockDefaultLoginRouter.swift in Sources */,
				30A27A7D226961E000C058BA /* MockDefaultLoginInteractor.swift in Sources */,
				30DAF70522701A550062DA0F /* MockHomeViewController.swift in Sources */,
				30A27A762269607000C058BA /* LoginPresenterTests.swift in Sources */,
				30A27A852269A84500C058BA /* FruitServicesStub.swift in Sources */,
				30DAF70722701A550062DA0F /* HomePresenterTests.swift in Sources */,
				30A27A83226989E000C058BA /* ListFruitInteractorTests.swift in Sources */,
				30DAF70422701A550062DA0F /* MockDefaultHomeRouter.swift in Sources */,
				30DAF70622701A550062DA0F /* MockDefaultListFruitInteractor.swift in Sources */,
			);
			runOnlyForDeploymentPostprocessing = 0;
		};
		74E22B9F225453FB00D7FEBB /* Sources */ = {
			isa = PBXSourcesBuildPhase;
			buildActionMask = 2147483647;
			files = (
				30F3C2EF227C3199009847B0 /* Tree.swift in Sources */,
				74E22BF42254561E00D7FEBB /* LoginViewController.swift in Sources */,
				74E22BDA225455E900D7FEBB /* Fruit.swift in Sources */,
				30F3C2F6227C3199009847B0 /* TreeTableViewModel.swift in Sources */,
				30F3C2F8227C3199009847B0 /* TreeTableViewController.swift in Sources */,
				74E22BCD2254557200D7FEBB /* Completion.swift in Sources */,
				74E22BE42254560C00D7FEBB /* LoginPresenter.swift in Sources */,
				74E22BE52254560C00D7FEBB /* HomePresenter.swift in Sources */,
				74E22BCC2254557200D7FEBB /* Errors.swift in Sources */,
				74E22BD7225455D600D7FEBB /* FruitEntity.swift in Sources */,
				74E22BD32254559200D7FEBB /* HomeRouter.swift in Sources */,
				74E22BF82254564400D7FEBB /* FruitServices.swift in Sources */,
				74E22BDE225455F900D7FEBB /* ListFruitInteractor.swift in Sources */,
				74E22BD22254559200D7FEBB /* LoginRouter.swift in Sources */,
				30F3C2F5227C3199009847B0 /* ExpandCollapsCellViewModel.swift in Sources */,
				74E22BC92254554700D7FEBB /* UITextFieldExt.swift in Sources */,
				30F3C2F3227C3199009847B0 /* ExpandCollapsTableCell.swift in Sources */,
				74E22BC82254554700D7FEBB /* StringExt.swift in Sources */,
				74E22BF02254561E00D7FEBB /* HomeViewController.swift in Sources */,
				74E22BA7225453FB00D7FEBB /* AppDelegate.swift in Sources */,
				74E22BF12254561E00D7FEBB /* HomeCell.swift in Sources */,
				74E22BDF225455F900D7FEBB /* LoginInteractor.swift in Sources */,
				30F3C2F1227C3199009847B0 /* TableCell.swift in Sources */,
				74E22BD6225455D600D7FEBB /* UserEntity.swift in Sources */,
				74E22BDB225455E900D7FEBB /* User.swift in Sources */,
				74E22BF72254564400D7FEBB /* UserServices.swift in Sources */,
				30F3C2F2227C3199009847B0 /* TableCellViewModel.swift in Sources */,
			);
			runOnlyForDeploymentPostprocessing = 0;
		};
/* End PBXSourcesBuildPhase section */

/* Begin PBXTargetDependency section */
		30F7FEC52268230200374DC4 /* PBXTargetDependency */ = {
			isa = PBXTargetDependency;
			target = 74E22BA2225453FB00D7FEBB /* ViperSample */;
			targetProxy = 30F7FEC42268230200374DC4 /* PBXContainerItemProxy */;
		};
/* End PBXTargetDependency section */

/* Begin PBXVariantGroup section */
		74E22BAF225453FC00D7FEBB /* LaunchScreen.storyboard */ = {
			isa = PBXVariantGroup;
			children = (
				74E22BB0225453FC00D7FEBB /* Base */,
			);
			name = LaunchScreen.storyboard;
			sourceTree = "<group>";
		};
/* End PBXVariantGroup section */

/* Begin XCBuildConfiguration section */
		30F7FEC72268230200374DC4 /* Debug */ = {
			isa = XCBuildConfiguration;
			baseConfigurationReference = 1AD9F92AA437F62B91B0D68E /* Pods-ViperSampleTests.debug.xcconfig */;
			buildSettings = {
				BUNDLE_LOADER = "$(TEST_HOST)";
				CLANG_ENABLE_MODULES = YES;
				CODE_SIGN_STYLE = Automatic;
				INFOPLIST_FILE = ViperSampleTests/Info.plist;
				IPHONEOS_DEPLOYMENT_TARGET = 12.0;
				LD_RUNPATH_SEARCH_PATHS = (
					"$(inherited)",
					"@executable_path/Frameworks",
					"@loader_path/Frameworks",
				);
				PRODUCT_BUNDLE_IDENTIFIER = "tan.huynh-asiantech.vn.ViperSampleTests";
				PRODUCT_NAME = "$(TARGET_NAME)";
				SWIFT_OPTIMIZATION_LEVEL = "-Onone";
				SWIFT_VERSION = 4.2;
				TARGETED_DEVICE_FAMILY = "1,2";
				TEST_HOST = "$(BUILT_PRODUCTS_DIR)/ViperSample.app/ViperSample";
			};
			name = Debug;
		};
		30F7FEC82268230200374DC4 /* Release */ = {
			isa = XCBuildConfiguration;
			baseConfigurationReference = 037F69340C7DBB0F335C3C43 /* Pods-ViperSampleTests.release.xcconfig */;
			buildSettings = {
				BUNDLE_LOADER = "$(TEST_HOST)";
				CLANG_ENABLE_MODULES = YES;
				CODE_SIGN_STYLE = Automatic;
				INFOPLIST_FILE = ViperSampleTests/Info.plist;
				IPHONEOS_DEPLOYMENT_TARGET = 12.0;
				LD_RUNPATH_SEARCH_PATHS = (
					"$(inherited)",
					"@executable_path/Frameworks",
					"@loader_path/Frameworks",
				);
				PRODUCT_BUNDLE_IDENTIFIER = "tan.huynh-asiantech.vn.ViperSampleTests";
				PRODUCT_NAME = "$(TARGET_NAME)";
				SWIFT_VERSION = 4.2;
				TARGETED_DEVICE_FAMILY = "1,2";
				TEST_HOST = "$(BUILT_PRODUCTS_DIR)/ViperSample.app/ViperSample";
			};
			name = Release;
		};
		74E22BB3225453FC00D7FEBB /* Debug */ = {
			isa = XCBuildConfiguration;
			buildSettings = {
				ALWAYS_SEARCH_USER_PATHS = NO;
				CLANG_ANALYZER_NONNULL = YES;
				CLANG_ANALYZER_NUMBER_OBJECT_CONVERSION = YES_AGGRESSIVE;
				CLANG_CXX_LANGUAGE_STANDARD = "gnu++14";
				CLANG_CXX_LIBRARY = "libc++";
				CLANG_ENABLE_MODULES = YES;
				CLANG_ENABLE_OBJC_ARC = YES;
				CLANG_ENABLE_OBJC_WEAK = YES;
				CLANG_WARN_BLOCK_CAPTURE_AUTORELEASING = YES;
				CLANG_WARN_BOOL_CONVERSION = YES;
				CLANG_WARN_COMMA = YES;
				CLANG_WARN_CONSTANT_CONVERSION = YES;
				CLANG_WARN_DEPRECATED_OBJC_IMPLEMENTATIONS = YES;
				CLANG_WARN_DIRECT_OBJC_ISA_USAGE = YES_ERROR;
				CLANG_WARN_DOCUMENTATION_COMMENTS = YES;
				CLANG_WARN_EMPTY_BODY = YES;
				CLANG_WARN_ENUM_CONVERSION = YES;
				CLANG_WARN_INFINITE_RECURSION = YES;
				CLANG_WARN_INT_CONVERSION = YES;
				CLANG_WARN_NON_LITERAL_NULL_CONVERSION = YES;
				CLANG_WARN_OBJC_IMPLICIT_RETAIN_SELF = YES;
				CLANG_WARN_OBJC_LITERAL_CONVERSION = YES;
				CLANG_WARN_OBJC_ROOT_CLASS = YES_ERROR;
				CLANG_WARN_RANGE_LOOP_ANALYSIS = YES;
				CLANG_WARN_STRICT_PROTOTYPES = YES;
				CLANG_WARN_SUSPICIOUS_MOVE = YES;
				CLANG_WARN_UNGUARDED_AVAILABILITY = YES_AGGRESSIVE;
				CLANG_WARN_UNREACHABLE_CODE = YES;
				CLANG_WARN__DUPLICATE_METHOD_MATCH = YES;
				CODE_SIGN_IDENTITY = "iPhone Developer";
				COPY_PHASE_STRIP = NO;
				DEBUG_INFORMATION_FORMAT = dwarf;
				ENABLE_STRICT_OBJC_MSGSEND = YES;
				ENABLE_TESTABILITY = YES;
				GCC_C_LANGUAGE_STANDARD = gnu11;
				GCC_DYNAMIC_NO_PIC = NO;
				GCC_NO_COMMON_BLOCKS = YES;
				GCC_OPTIMIZATION_LEVEL = 0;
				GCC_PREPROCESSOR_DEFINITIONS = (
					"DEBUG=1",
					"$(inherited)",
				);
				GCC_WARN_64_TO_32_BIT_CONVERSION = YES;
				GCC_WARN_ABOUT_RETURN_TYPE = YES_ERROR;
				GCC_WARN_UNDECLARED_SELECTOR = YES;
				GCC_WARN_UNINITIALIZED_AUTOS = YES_AGGRESSIVE;
				GCC_WARN_UNUSED_FUNCTION = YES;
				GCC_WARN_UNUSED_VARIABLE = YES;
				IPHONEOS_DEPLOYMENT_TARGET = 12.1;
				MTL_ENABLE_DEBUG_INFO = INCLUDE_SOURCE;
				MTL_FAST_MATH = YES;
				ONLY_ACTIVE_ARCH = YES;
				SDKROOT = iphoneos;
				SWIFT_ACTIVE_COMPILATION_CONDITIONS = DEBUG;
				SWIFT_OPTIMIZATION_LEVEL = "-Onone";
			};
			name = Debug;
		};
		74E22BB4225453FC00D7FEBB /* Release */ = {
			isa = XCBuildConfiguration;
			buildSettings = {
				ALWAYS_SEARCH_USER_PATHS = NO;
				CLANG_ANALYZER_NONNULL = YES;
				CLANG_ANALYZER_NUMBER_OBJECT_CONVERSION = YES_AGGRESSIVE;
				CLANG_CXX_LANGUAGE_STANDARD = "gnu++14";
				CLANG_CXX_LIBRARY = "libc++";
				CLANG_ENABLE_MODULES = YES;
				CLANG_ENABLE_OBJC_ARC = YES;
				CLANG_ENABLE_OBJC_WEAK = YES;
				CLANG_WARN_BLOCK_CAPTURE_AUTORELEASING = YES;
				CLANG_WARN_BOOL_CONVERSION = YES;
				CLANG_WARN_COMMA = YES;
				CLANG_WARN_CONSTANT_CONVERSION = YES;
				CLANG_WARN_DEPRECATED_OBJC_IMPLEMENTATIONS = YES;
				CLANG_WARN_DIRECT_OBJC_ISA_USAGE = YES_ERROR;
				CLANG_WARN_DOCUMENTATION_COMMENTS = YES;
				CLANG_WARN_EMPTY_BODY = YES;
				CLANG_WARN_ENUM_CONVERSION = YES;
				CLANG_WARN_INFINITE_RECURSION = YES;
				CLANG_WARN_INT_CONVERSION = YES;
				CLANG_WARN_NON_LITERAL_NULL_CONVERSION = YES;
				CLANG_WARN_OBJC_IMPLICIT_RETAIN_SELF = YES;
				CLANG_WARN_OBJC_LITERAL_CONVERSION = YES;
				CLANG_WARN_OBJC_ROOT_CLASS = YES_ERROR;
				CLANG_WARN_RANGE_LOOP_ANALYSIS = YES;
				CLANG_WARN_STRICT_PROTOTYPES = YES;
				CLANG_WARN_SUSPICIOUS_MOVE = YES;
				CLANG_WARN_UNGUARDED_AVAILABILITY = YES_AGGRESSIVE;
				CLANG_WARN_UNREACHABLE_CODE = YES;
				CLANG_WARN__DUPLICATE_METHOD_MATCH = YES;
				CODE_SIGN_IDENTITY = "iPhone Developer";
				COPY_PHASE_STRIP = NO;
				DEBUG_INFORMATION_FORMAT = "dwarf-with-dsym";
				ENABLE_NS_ASSERTIONS = NO;
				ENABLE_STRICT_OBJC_MSGSEND = YES;
				GCC_C_LANGUAGE_STANDARD = gnu11;
				GCC_NO_COMMON_BLOCKS = YES;
				GCC_WARN_64_TO_32_BIT_CONVERSION = YES;
				GCC_WARN_ABOUT_RETURN_TYPE = YES_ERROR;
				GCC_WARN_UNDECLARED_SELECTOR = YES;
				GCC_WARN_UNINITIALIZED_AUTOS = YES_AGGRESSIVE;
				GCC_WARN_UNUSED_FUNCTION = YES;
				GCC_WARN_UNUSED_VARIABLE = YES;
				IPHONEOS_DEPLOYMENT_TARGET = 12.1;
				MTL_ENABLE_DEBUG_INFO = NO;
				MTL_FAST_MATH = YES;
				SDKROOT = iphoneos;
				SWIFT_COMPILATION_MODE = wholemodule;
				SWIFT_OPTIMIZATION_LEVEL = "-O";
				VALIDATE_PRODUCT = YES;
			};
			name = Release;
		};
		74E22BB6225453FC00D7FEBB /* Debug */ = {
			isa = XCBuildConfiguration;
			baseConfigurationReference = 95AFF2BF530D75F6B034DB8F /* Pods-ViperSample.debug.xcconfig */;
			buildSettings = {
				ASSETCATALOG_COMPILER_APPICON_NAME = AppIcon;
				CODE_SIGN_STYLE = Automatic;
				DEVELOPMENT_TEAM = 9S723V86A4;
				INFOPLIST_FILE = "$(SRCROOT)/ViperSample/Supports/Info.plist";
				IPHONEOS_DEPLOYMENT_TARGET = 9.0;
				LD_RUNPATH_SEARCH_PATHS = (
					"$(inherited)",
					"@executable_path/Frameworks",
				);
				PRODUCT_BUNDLE_IDENTIFIER = AT.ViperSample;
				PRODUCT_NAME = "$(TARGET_NAME)";
				SWIFT_VERSION = 4.2;
				TARGETED_DEVICE_FAMILY = "1,2";
			};
			name = Debug;
		};
		74E22BB7225453FC00D7FEBB /* Release */ = {
			isa = XCBuildConfiguration;
			baseConfigurationReference = 0C0BB3C94CB015D9CDC1E2C8 /* Pods-ViperSample.release.xcconfig */;
			buildSettings = {
				ASSETCATALOG_COMPILER_APPICON_NAME = AppIcon;
				CODE_SIGN_STYLE = Automatic;
				DEVELOPMENT_TEAM = 9S723V86A4;
				INFOPLIST_FILE = "$(SRCROOT)/ViperSample/Supports/Info.plist";
				IPHONEOS_DEPLOYMENT_TARGET = 9.0;
				LD_RUNPATH_SEARCH_PATHS = (
					"$(inherited)",
					"@executable_path/Frameworks",
				);
				PRODUCT_BUNDLE_IDENTIFIER = AT.ViperSample;
				PRODUCT_NAME = "$(TARGET_NAME)";
				SWIFT_VERSION = 4.2;
				TARGETED_DEVICE_FAMILY = "1,2";
			};
			name = Release;
		};
/* End XCBuildConfiguration section */

/* Begin XCConfigurationList section */
		30F7FEC62268230200374DC4 /* Build configuration list for PBXNativeTarget "ViperSampleTests" */ = {
			isa = XCConfigurationList;
			buildConfigurations = (
				30F7FEC72268230200374DC4 /* Debug */,
				30F7FEC82268230200374DC4 /* Release */,
			);
			defaultConfigurationIsVisible = 0;
			defaultConfigurationName = Release;
		};
		74E22B9E225453FA00D7FEBB /* Build configuration list for PBXProject "ViperSample" */ = {
			isa = XCConfigurationList;
			buildConfigurations = (
				74E22BB3225453FC00D7FEBB /* Debug */,
				74E22BB4225453FC00D7FEBB /* Release */,
			);
			defaultConfigurationIsVisible = 0;
			defaultConfigurationName = Release;
		};
		74E22BB5225453FC00D7FEBB /* Build configuration list for PBXNativeTarget "ViperSample" */ = {
			isa = XCConfigurationList;
			buildConfigurations = (
				74E22BB6225453FC00D7FEBB /* Debug */,
				74E22BB7225453FC00D7FEBB /* Release */,
			);
			defaultConfigurationIsVisible = 0;
			defaultConfigurationName = Release;
		};
/* End XCConfigurationList section */
	};
	rootObject = 74E22B9B225453FA00D7FEBB /* Project object */;
}
